
Microsoft Visual Studio Solution File, Format Version 12.00
# Visual Studio Version 17
VisualStudioVersion = 17.14.36401.2 d17.14
MinimumVisualStudioVersion = 10.0.40219.1
Project("{FAE04EC0-301F-11D3-BF4B-00C04F79EFBC}") = "TvcDay03", "TvcDay03.csproj", "{8F8E1434-C508-461E-8821-4BCBF8306CCE}"
EndProject
Global
	GlobalSection(SolutionConfigurationPlatforms) = preSolution
		Debug|Any CPU = Debug|Any CPU
		Release|Any CPU = Release|Any CPU
	EndGlobalSection
	GlobalSection(ProjectConfigurationPlatforms) = postSolution
		{8F8E1434-C508-461E-8821-4BCBF8306CCE}.Debug|Any CPU.ActiveCfg = Debug|Any CPU
		{8F8E1434-C508-461E-8821-4BCBF8306CCE}.Debug|Any CPU.Build.0 = Debug|Any CPU
		{8F8E1434-C508-461E-8821-4BCBF8306CCE}.Release|Any CPU.ActiveCfg = Release|Any CPU
		{8F8E1434-C508-461E-8821-4BCBF8306CCE}.Release|Any CPU.Build.0 = Release|Any CPU
	EndGlobalSection
	GlobalSection(SolutionProperties) = preSolution
		HideSolutionNode = FALSE
	EndGlobalSection
	GlobalSection(ExtensibilityGlobals) = postSolution
		SolutionGuid = {91BB4908-2500-4150-9B1D-2D552C1E0F83}
	EndGlobalSection
EndGlobal
