
Microsoft Visual Studio Solution File, Format Version 12.00
# Visual Studio Version 17
VisualStudioVersion = 17.14.36429.23 d17.14
MinimumVisualStudioVersion = 10.0.40219.1
Project("{FAE04EC0-301F-11D3-BF4B-00C04F79EFBC}") = "MyWebApp", "MyWebApp.csproj", "{31BA2CD2-0141-4008-B0F6-F99B8DE252F4}"
EndProject
Global
	GlobalSection(SolutionConfigurationPlatforms) = preSolution
		Debug|Any CPU = Debug|Any CPU
		Release|Any CPU = Release|Any CPU
	EndGlobalSection
	GlobalSection(ProjectConfigurationPlatforms) = postSolution
		{31BA2CD2-0141-4008-B0F6-F99B8DE252F4}.Debug|Any CPU.ActiveCfg = Debug|Any CPU
		{31BA2CD2-0141-4008-B0F6-F99B8DE252F4}.Debug|Any CPU.Build.0 = Debug|Any CPU
		{31BA2CD2-0141-4008-B0F6-F99B8DE252F4}.Release|Any CPU.ActiveCfg = Release|Any CPU
		{31BA2CD2-0141-4008-B0F6-F99B8DE252F4}.Release|Any CPU.Build.0 = Release|Any CPU
	EndGlobalSection
	GlobalSection(SolutionProperties) = preSolution
		HideSolutionNode = FALSE
	EndGlobalSection
	GlobalSection(ExtensibilityGlobals) = postSolution
		SolutionGuid = {2CBF004F-1E0F-4111-8E6B-3793DAD952FA}
	EndGlobalSection
EndGlobal
